<?xml version="1.0" encoding="utf-8"?>
<Project ToolsVersion="4.0" xmlns="http://schemas.microsoft.com/developer/msbuild/2003">
  <ItemGroup>
    <ClCompile Include="Camera.cpp" />
    <ClCompile Include="OpBinaire\Difference.cpp" />
    <ClCompile Include="OpBinaire\Intersection.cpp" />
    <ClCompile Include="Primitives\Box.cpp" />
    <ClCompile Include="Primitives\Circle.cpp" />
    <ClCompile Include="Constante.cpp" />
    <ClCompile Include="Primitives\Cube.cpp" />
    <ClCompile Include="Debug.cpp" />
    <ClCompile Include="GeneratedFiles\Debug\moc_heightmapwidget.cpp" />
    <ClCompile Include="GeneratedFiles\Release\moc_heightmapwidget.cpp" />
    <ClCompile Include="heightmapwidget.cpp" />
    <ClCompile Include="main.cpp" />
    <ClCompile Include="Mesh.cpp" />
    <ClCompile Include="Mesure.cpp" />
    <ClCompile Include="Node.cpp" />
    <ClCompile Include="Noise.cpp" />
    <ClCompile Include="OpBinaire\OpBinaire.cpp" />
    <ClCompile Include="CSG\Primitive.cpp" />
    <ClCompile Include="Renderer\Renderer.cpp" />
    <ClCompile Include="CSG\CSG_Sphere.cpp" />
    <ClCompile Include="CSG\CSG_Cube.cpp" />
    <ClCompile Include="Primitives\Sphere.cpp" />
    <ClCompile Include="Terrain\TerrainHeightmap.cpp" />
    <ClCompile Include="Terrain\Terrain.cpp" />
    <ClCompile Include="Terrain\TerrainFractal.cpp" />
    <ClCompile Include="Primitives\Torus.cpp" />
    <ClCompile Include="OpBinaire\Union.cpp" />
    <ClCompile Include="Triangle.cpp" />
    <ClCompile Include="matrix3x3.cpp">
      <Filter>Source Files</Filter>
    </ClCompile>
  </ItemGroup>
  <ItemGroup>
    <ClInclude Include="Camera.h" />
    <ClInclude Include="CSG\CSG_Box.h" />
    <ClInclude Include="CSG_Triangle.h" />
    <ClInclude Include="OpBinaire\Difference.h" />
    <ClInclude Include="OpBinaire\Intersection.h" />
    <ClInclude Include="Primitives\Box.h" />
    <ClInclude Include="Primitives\Circle.h" />
    <ClInclude Include="Constante.h" />
    <ClInclude Include="Primitives\Cube.h" />
    <ClInclude Include="Debug.h" />
    <ClInclude Include="Mat3x3.h" />
    <ClInclude Include="Mesh.h" />
    <ClInclude Include="Mesure.h" />
    <ClInclude Include="Node.h" />
    <ClInclude Include="OpBinaire\OpBinaire.h" />
    <ClInclude Include="OpUnaire\OpUnaire.h" />
    <ClInclude Include="CSG\Primitive.h" />
    <ClInclude Include="Ray.h" />
    <ClInclude Include="Noise.h" />
    <ClInclude Include="RendererTriangle.h" />
    <ClInclude Include="Renderer\RendererBox.h" />
    <ClInclude Include="Renderer\RendererCube.h" />
    <ClInclude Include="Renderer\RendererOpUnaire.h" />
    <ClInclude Include="Renderer\RendererSphere.h" />
    <ClInclude Include="Renderer\Renderer.h" />
    <ClInclude Include="Renderer\RendererConfig1.h" />
    <ClInclude Include="Renderer\RendererConfig2.h" />
    <ClInclude Include="Renderer\RendererConfig3.h" />
    <ClInclude Include="Renderer\RendererConfig4.h" />
    <ClInclude Include="CSG\CSG_Sphere.h" />
    <ClInclude Include="CSG\CSG_Cube.h" />
    <ClInclude Include="OpUnaire\Rotation.h" />
    <ClInclude Include="OpUnaire\Scale.h" />
    <ClInclude Include="Primitives\Sphere.h" />
    <ClInclude Include="Terrain\TerrainHeightmap.h" />
    <ClInclude Include="Terrain\Terrain.h" />
    <ClInclude Include="Terrain\TerrainFractal.h" />
    <ClInclude Include="Primitives\Torus.h" />
    <ClInclude Include="OpUnaire\Translation.h" />
    <ClInclude Include="OpBinaire\Union.h" />
    <ClInclude Include="Triangle.h" />
    <ClInclude Include="Vector3.h" />
    <ClInclude Include="matrix3x3.h">
      <Filter>Header Files</Filter>
    </ClInclude>
  </ItemGroup>
  <ItemGroup>
    <CustomBuild Include="heightmapwidget.h" />
  </ItemGroup>
  <ItemGroup>
    <Filter Include="Source Files">
      <UniqueIdentifier>{4FC737F1-C7A5-4376-A066-2A32D752A2FF}</UniqueIdentifier>
      <Extensions>cpp;cxx;c;def</Extensions>
      <ParseFiles>true</ParseFiles>
    </Filter>
    <Filter Include="Header Files">
      <UniqueIdentifier>{93995380-89BD-4b04-88EB-625FBE52EBFB}</UniqueIdentifier>
      <Extensions>h</Extensions>
      <ParseFiles>true</ParseFiles>
    </Filter>
  </ItemGroup>
</Project>