<?xml version="1.0" encoding="utf-8"?>
<Project ToolsVersion="4.0" xmlns="http://schemas.microsoft.com/developer/msbuild/2003">
  <ItemGroup>
    <ClCompile Include="Camera.cpp" />
    <ClCompile Include="Constante.cpp" />
    <ClCompile Include="Debug.cpp" />
    <ClCompile Include="GeneratedFiles\Debug\moc_heightmapwidget.cpp" />
    <ClCompile Include="heightmapwidget.cpp" />
    <ClCompile Include="main.cpp" />
    <ClCompile Include="Mesh.cpp" />
    <ClCompile Include="Mesure.cpp" />
    <ClCompile Include="Noise.cpp" />
    <ClCompile Include="Renderer\Renderer.cpp" />
    <ClCompile Include="Terrain\TerrainHeightmap.cpp" />
    <ClCompile Include="Terrain\Terrain.cpp" />
    <ClCompile Include="Terrain\TerrainFractal.cpp" />
    <ClCompile Include="Node.cpp">
      <Filter>Source Files</Filter>
    </ClCompile>
    <ClCompile Include="Primitive.cpp">
      <Filter>Source Files</Filter>
    </ClCompile>
    <ClCompile Include="CSG_Sphere.cpp">
      <Filter>Source Files</Filter>
    </ClCompile>
    <ClCompile Include="OpBinaire.cpp">
      <Filter>Source Files</Filter>
    </ClCompile>
    <ClCompile Include="Union.cpp">
      <Filter>Source Files</Filter>
    </ClCompile>
    <ClCompile Include="Circle.cpp">
      <Filter>Source Files</Filter>
    </ClCompile>
    <ClCompile Include="Torus.cpp">
      <Filter>Source Files</Filter>
    </ClCompile>
  </ItemGroup>
  <ItemGroup>
    <ClInclude Include="Camera.h" />
    <ClInclude Include="Constante.h" />
    <ClInclude Include="Debug.h" />
    <ClInclude Include="Mesh.h" />
    <ClInclude Include="Mesure.h" />
    <ClInclude Include="Ray.h" />
    <ClInclude Include="Noise.h" />
    <ClInclude Include="Renderer\Renderer.h" />
    <ClInclude Include="Renderer\RendererConfig1.h" />
    <ClInclude Include="Renderer\RendererConfig2.h" />
    <ClInclude Include="Renderer\RendererConfig3.h" />
    <ClInclude Include="Renderer\RendererConfig4.h" />
    <ClInclude Include="Sphere.h" />
    <ClInclude Include="Terrain\TerrainHeightmap.h" />
    <ClInclude Include="Terrain\Terrain.h" />
    <ClInclude Include="Terrain\TerrainFractal.h" />
    <ClInclude Include="Vector3.h" />
    <ClInclude Include="Node.h">
      <Filter>Header Files</Filter>
    </ClInclude>
    <ClInclude Include="Primitive.h">
      <Filter>Header Files</Filter>
    </ClInclude>
    <ClInclude Include="CSG_Sphere.h">
      <Filter>Header Files</Filter>
    </ClInclude>
    <ClInclude Include="OpBinaire.h">
      <Filter>Header Files</Filter>
    </ClInclude>
    <ClInclude Include="Union.h">
      <Filter>Header Files</Filter>
    </ClInclude>
    <ClInclude Include="Circle.h">
      <Filter>Header Files</Filter>
    </ClInclude>
    <ClInclude Include="Torus.h">
      <Filter>Header Files</Filter>
    </ClInclude>
  </ItemGroup>
  <ItemGroup>
    <CustomBuild Include="heightmapwidget.h" />
  </ItemGroup>
  <ItemGroup>
    <Filter Include="Header Files">
      <UniqueIdentifier>{93995380-89BD-4b04-88EB-625FBE52EBFB}</UniqueIdentifier>
      <Extensions>h</Extensions>
      <ParseFiles>true</ParseFiles>
    </Filter>
    <Filter Include="Source Files">
      <UniqueIdentifier>{4FC737F1-C7A5-4376-A066-2A32D752A2FF}</UniqueIdentifier>
      <Extensions>cpp;cxx;c;def</Extensions>
      <ParseFiles>true</ParseFiles>
    </Filter>
  </ItemGroup>
</Project>